github.com/yairfalse/tapio/pkg/domain v0.0.0-20250718233111-3eb6c7a146e6 h1:g3saXySemw6alGmjWkhwqf6DOVLbSLgVi4GcXaoq2BM=
github.com/yairfalse/tapio/pkg/domain v0.0.0-20250718233111-3eb6c7a146e6/go.mod h1:ZoHaZ0Tfobo8gwuFzoIDjd5IxkS79BGnQPj+fJv6OzE=
github.com/yairfalse/tapio/pkg/humanoutput v0.0.0-20250718233111-3eb6c7a146e6 h1:86kMr1Ls8KUSo27e81swqBoTmECyrLNDlUAy02QBE7Q=
github.com/yairfalse/tapio/pkg/humanoutput v0.0.0-20250718233111-3eb6c7a146e6/go.mod h1:/ryWH35AlWo/EEq0DoAn18rOLwY5nBcZ0LmeWdsulKE=
